# This file is generated by running "yarn install" inside your project.
# Manual changes might be lost - proceed with caution!

__metadata:
  version: 6
  cacheKey: 8

"@next/env@npm:13.4.1":
  version: 13.4.1
  resolution: "@next/env@npm:13.4.1"
  checksum: 4736c9c6f75d80b16d3ca0ad3ddb3fcaa171f2144fccf516a67110e3bfcd9121d076e838faad46f815e41ee32e9be0ab68591359de06af13be6cbb860eda3639
  languageName: node
  linkType: hard

"@next/swc-darwin-arm64@npm:13.4.1":
  version: 13.4.1
  resolution: "@next/swc-darwin-arm64@npm:13.4.1"
  conditions: os=darwin & cpu=arm64
  languageName: node
  linkType: hard

"@next/swc-darwin-x64@npm:13.4.1":
  version: 13.4.1
  resolution: "@next/swc-darwin-x64@npm:13.4.1"
  conditions: os=darwin & cpu=x64
  languageName: node
  linkType: hard

"@next/swc-linux-arm64-gnu@npm:13.4.1":
  version: 13.4.1
  resolution: "@next/swc-linux-arm64-gnu@npm:13.4.1"
  conditions: os=linux & cpu=arm64 & libc=glibc
  languageName: node
  linkType: hard

"@next/swc-linux-arm64-musl@npm:13.4.1":
  version: 13.4.1
  resolution: "@next/swc-linux-arm64-musl@npm:13.4.1"
  conditions: os=linux & cpu=arm64 & libc=musl
  languageName: node
  linkType: hard

"@next/swc-linux-x64-gnu@npm:13.4.1":
  version: 13.4.1
  resolution: "@next/swc-linux-x64-gnu@npm:13.4.1"
  conditions: os=linux & cpu=x64 & libc=glibc
  languageName: node
  linkType: hard

"@next/swc-linux-x64-musl@npm:13.4.1":
  version: 13.4.1
  resolution: "@next/swc-linux-x64-musl@npm:13.4.1"
  conditions: os=linux & cpu=x64 & libc=musl
  languageName: node
  linkType: hard

"@next/swc-win32-arm64-msvc@npm:13.4.1":
  version: 13.4.1
  resolution: "@next/swc-win32-arm64-msvc@npm:13.4.1"
  conditions: os=win32 & cpu=arm64
  languageName: node
  linkType: hard

"@next/swc-win32-ia32-msvc@npm:13.4.1":
  version: 13.4.1
  resolution: "@next/swc-win32-ia32-msvc@npm:13.4.1"
  conditions: os=win32 & cpu=ia32
  languageName: node
  linkType: hard

"@next/swc-win32-x64-msvc@npm:13.4.1":
  version: 13.4.1
  resolution: "@next/swc-win32-x64-msvc@npm:13.4.1"
  conditions: os=win32 & cpu=x64
  languageName: node
  linkType: hard

"@one-ini/wasm@npm:0.1.1":
  version: 0.1.1
  resolution: "@one-ini/wasm@npm:0.1.1"
  checksum: 11de17108eae57c797e552e36b259398aede999b4a689d78be6459652edc37f3428472410590a9d328011a8751b771063a5648dd5c4205631c55d1d58e313156
  languageName: node
  linkType: hard

"@react-email/render@npm:0.0.7":
  version: 0.0.7
  resolution: "@react-email/render@npm:0.0.7"
  dependencies:
    html-to-text: 9.0.3
    pretty: 2.0.0
    react: 18.2.0
    react-dom: 18.2.0
  checksum: 6a646ae06b49124e783a0d21cb923952e25ae420c38effa1e7bf8fa58fb229eb62e21903126fdc8750d786b5745f111225a40f11bb0c75e9ff1b61d963f00eb0
  languageName: node
  linkType: hard

"@selderee/plugin-htmlparser2@npm:^0.10.0":
  version: 0.10.0
  resolution: "@selderee/plugin-htmlparser2@npm:0.10.0"
  dependencies:
    domhandler: ^5.0.3
    selderee: ^0.10.0
  checksum: 37b5e059f0091754348c288bf630b372d20bc999a84483a3dc6688ab84c743ddc286f95bc7d69253add48640e7145511b412678f2c954b83f63a87967dc3f569
  languageName: node
  linkType: hard

"@swc/helpers@npm:0.5.1":
  version: 0.5.1
  resolution: "@swc/helpers@npm:0.5.1"
  dependencies:
    tslib: ^2.4.0
  checksum: 71e0e27234590435e4c62b97ef5e796f88e786841a38c7116a5e27a3eafa7b9ead7cdec5249b32165902076de78446945311c973e59bddf77c1e24f33a8f272a
  languageName: node
  linkType: hard

"@types/node@npm:20.1.0":
  version: 20.1.0
  resolution: "@types/node@npm:20.1.0"
  checksum: c6d9afa9aa78b4b4348c69ece94975be70346b144c278f1395694a10ef919d7db300018101b6f9245e6bdd76674a5327d2d14829092f3d5295e858cff5f22a66
  languageName: node
  linkType: hard

"@types/prop-types@npm:*":
  version: 15.7.5
  resolution: "@types/prop-types@npm:15.7.5"
  checksum: 5b43b8b15415e1f298243165f1d44390403bb2bd42e662bca3b5b5633fdd39c938e91b7fce3a9483699db0f7a715d08cef220c121f723a634972fdf596aec980
  languageName: node
  linkType: hard

"@types/react-dom@npm:18.2.4":
  version: 18.2.4
  resolution: "@types/react-dom@npm:18.2.4"
  dependencies:
    "@types/react": "*"
  checksum: 8301f35cf1cbfec8c723e9477aecf87774e3c168bd457d353b23c45064737213d3e8008b067c6767b7b08e4f2b3823ee239242a6c225fc91e7f8725ef8734124
  languageName: node
  linkType: hard

"@types/react@npm:*":
  version: 18.2.20
  resolution: "@types/react@npm:18.2.20"
  dependencies:
    "@types/prop-types": "*"
    "@types/scheduler": "*"
    csstype: ^3.0.2
  checksum: 30f699c60e5e4bfef273ce64d320651cdd60f5c6a08361c6c7eca8cebcccda1ac953d2ee57c9f321b5ae87f8a62c72b6d35ca42df0e261d337849952daab2141
  languageName: node
  linkType: hard

"@types/react@npm:18.2.5":
  version: 18.2.5
  resolution: "@types/react@npm:18.2.5"
  dependencies:
    "@types/prop-types": "*"
    "@types/scheduler": "*"
    csstype: ^3.0.2
  checksum: 97c4534e849edf991be0820b0911d036e794b8e2599a1544f500c769acbcb4f443ccde1a3f22298f22ce368ee7757f746e4a529e889567fc142a627698e2de39
  languageName: node
  linkType: hard

"@types/scheduler@npm:*":
  version: 0.16.3
  resolution: "@types/scheduler@npm:0.16.3"
  checksum: 2b0aec39c24268e3ce938c5db2f2e77f5c3dd280e05c262d9c2fe7d890929e4632a6b8e94334017b66b45e4f92a5aa42ba3356640c2a1175fa37bef2f5200767
  languageName: node
  linkType: hard

"abbrev@npm:^1.0.0":
  version: 1.1.1
  resolution: "abbrev@npm:1.1.1"
  checksum: a4a97ec07d7ea112c517036882b2ac22f3109b7b19077dc656316d07d308438aac28e4d9746dc4d84bf6b1e75b4a7b0a5f3cb30592419f128ca9a8cee3bcfa17
  languageName: node
  linkType: hard

"balanced-match@npm:^1.0.0":
  version: 1.0.2
  resolution: "balanced-match@npm:1.0.2"
  checksum: 9706c088a283058a8a99e0bf91b0a2f75497f185980d9ffa8b304de1d9e58ebda7c72c07ebf01dadedaac5b2907b2c6f566f660d62bd336c3468e960403b9d65
  languageName: node
  linkType: hard

"brace-expansion@npm:^2.0.1":
  version: 2.0.1
  resolution: "brace-expansion@npm:2.0.1"
  dependencies:
    balanced-match: ^1.0.0
  checksum: a61e7cd2e8a8505e9f0036b3b6108ba5e926b4b55089eeb5550cd04a471fe216c96d4fe7e4c7f995c728c554ae20ddfc4244cad10aef255e72b62930afd233d1
  languageName: node
  linkType: hard

"busboy@npm:1.6.0":
  version: 1.6.0
  resolution: "busboy@npm:1.6.0"
  dependencies:
    streamsearch: ^1.1.0
  checksum: 32801e2c0164e12106bf236291a00795c3c4e4b709ae02132883fe8478ba2ae23743b11c5735a0aae8afe65ac4b6ca4568b91f0d9fed1fdbc32ede824a73746e
  languageName: node
  linkType: hard

"caniuse-lite@npm:^1.0.30001406":
  version: 1.0.30001520
  resolution: "caniuse-lite@npm:1.0.30001520"
  checksum: 59991ad8f36cf282f81abbcc6074c3097c21914cdd54bd2b3f73ac9462f57fc74e90371cd22bcdff4d085d09da42a07dcea384cb81e4ac260496e1bd79e1fe7c
  languageName: node
  linkType: hard

"client-only@npm:0.0.1":
  version: 0.0.1
  resolution: "client-only@npm:0.0.1"
  checksum: 0c16bf660dadb90610553c1d8946a7fdfb81d624adea073b8440b7d795d5b5b08beb3c950c6a2cf16279365a3265158a236876d92bce16423c485c322d7dfaf8
  languageName: node
  linkType: hard

"commander@npm:^10.0.0":
  version: 10.0.1
  resolution: "commander@npm:10.0.1"
  checksum: 436901d64a818295803c1996cd856621a74f30b9f9e28a588e726b2b1670665bccd7c1a77007ebf328729f0139838a88a19265858a0fa7a8728c4656796db948
  languageName: node
  linkType: hard

"condense-newlines@npm:^0.2.1":
  version: 0.2.1
  resolution: "condense-newlines@npm:0.2.1"
  dependencies:
    extend-shallow: ^2.0.1
    is-whitespace: ^0.3.0
    kind-of: ^3.0.2
  checksum: 3c20ff6ee88b5d2e81c122f33b5ba5d6976cdf86d83527fadea308b3020ed70af7ed98c2e2d94d36f27fcd723a7a477941c19575e0d2c8db6afc4aac6926a54e
  languageName: node
  linkType: hard

"config-chain@npm:^1.1.13":
  version: 1.1.13
  resolution: "config-chain@npm:1.1.13"
  dependencies:
    ini: ^1.3.4
    proto-list: ~1.2.1
  checksum: 828137a28e7c2fc4b7fb229bd0cd6c1397bcf83434de54347e608154008f411749041ee392cbe42fab6307e02de4c12480260bf769b7d44b778fdea3839eafab
  languageName: node
  linkType: hard

"csstype@npm:^3.0.2":
  version: 3.1.2
  resolution: "csstype@npm:3.1.2"
  checksum: e1a52e6c25c1314d6beef5168da704ab29c5186b877c07d822bd0806717d9a265e8493a2e35ca7e68d0f5d472d43fac1cdce70fd79fd0853dff81f3028d857b5
  languageName: node
  linkType: hard

"deepmerge@npm:^4.2.2":
  version: 4.3.1
  resolution: "deepmerge@npm:4.3.1"
  checksum: 2024c6a980a1b7128084170c4cf56b0fd58a63f2da1660dcfe977415f27b17dbe5888668b59d0b063753f3220719d5e400b7f113609489c90160bb9a5518d052
  languageName: node
  linkType: hard

"dom-serializer@npm:^2.0.0":
  version: 2.0.0
  resolution: "dom-serializer@npm:2.0.0"
  dependencies:
    domelementtype: ^2.3.0
    domhandler: ^5.0.2
    entities: ^4.2.0
  checksum: cd1810544fd8cdfbd51fa2c0c1128ec3a13ba92f14e61b7650b5de421b88205fd2e3f0cc6ace82f13334114addb90ed1c2f23074a51770a8e9c1273acbc7f3e6
  languageName: node
  linkType: hard

"domelementtype@npm:^2.3.0":
  version: 2.3.0
  resolution: "domelementtype@npm:2.3.0"
  checksum: ee837a318ff702622f383409d1f5b25dd1024b692ef64d3096ff702e26339f8e345820f29a68bcdcea8cfee3531776b3382651232fbeae95612d6f0a75efb4f6
  languageName: node
  linkType: hard

"domhandler@npm:^5.0.2, domhandler@npm:^5.0.3":
  version: 5.0.3
  resolution: "domhandler@npm:5.0.3"
  dependencies:
    domelementtype: ^2.3.0
  checksum: 0f58f4a6af63e6f3a4320aa446d28b5790a009018707bce2859dcb1d21144c7876482b5188395a188dfa974238c019e0a1e610d2fc269a12b2c192ea2b0b131c
  languageName: node
  linkType: hard

"domutils@npm:^3.0.1":
  version: 3.1.0
  resolution: "domutils@npm:3.1.0"
  dependencies:
    dom-serializer: ^2.0.0
    domelementtype: ^2.3.0
    domhandler: ^5.0.3
  checksum: e5757456ddd173caa411cfc02c2bb64133c65546d2c4081381a3bafc8a57411a41eed70494551aa58030be9e58574fcc489828bebd673863d39924fb4878f416
  languageName: node
  linkType: hard

"editorconfig@npm:^1.0.3":
  version: 1.0.4
  resolution: "editorconfig@npm:1.0.4"
  dependencies:
    "@one-ini/wasm": 0.1.1
    commander: ^10.0.0
    minimatch: 9.0.1
    semver: ^7.5.3
  bin:
    editorconfig: bin/editorconfig
  checksum: 09904f19381b3ddf132cea0762971aba887236f387be3540909e96b8eb9337e1793834e10f06890cd8e8e7bb1ba80cb13e7d50a863f227806c9ca74def4165fb
  languageName: node
  linkType: hard

"entities@npm:^4.2.0, entities@npm:^4.4.0":
  version: 4.5.0
  resolution: "entities@npm:4.5.0"
  checksum: 853f8ebd5b425d350bffa97dd6958143179a5938352ccae092c62d1267c4e392a039be1bae7d51b6e4ffad25f51f9617531fedf5237f15df302ccfb452cbf2d7
  languageName: node
  linkType: hard

"extend-shallow@npm:^2.0.1":
  version: 2.0.1
  resolution: "extend-shallow@npm:2.0.1"
  dependencies:
    is-extendable: ^0.1.0
  checksum: 8fb58d9d7a511f4baf78d383e637bd7d2e80843bd9cd0853649108ea835208fb614da502a553acc30208e1325240bb7cc4a68473021612496bb89725483656d8
  languageName: node
  linkType: hard

"fs.realpath@npm:^1.0.0":
  version: 1.0.0
  resolution: "fs.realpath@npm:1.0.0"
  checksum: 99ddea01a7e75aa276c250a04eedeffe5662bce66c65c07164ad6264f9de18fb21be9433ead460e54cff20e31721c811f4fb5d70591799df5f85dce6d6746fd0
  languageName: node
  linkType: hard

"glob@npm:^8.1.0":
  version: 8.1.0
  resolution: "glob@npm:8.1.0"
  dependencies:
    fs.realpath: ^1.0.0
    inflight: ^1.0.4
    inherits: 2
    minimatch: ^5.0.1
    once: ^1.3.0
  checksum: 92fbea3221a7d12075f26f0227abac435de868dd0736a17170663783296d0dd8d3d532a5672b4488a439bf5d7fb85cdd07c11185d6cd39184f0385cbdfb86a47
  languageName: node
  linkType: hard

"html-to-text@npm:9.0.3":
  version: 9.0.3
  resolution: "html-to-text@npm:9.0.3"
  dependencies:
    "@selderee/plugin-htmlparser2": ^0.10.0
    deepmerge: ^4.2.2
    dom-serializer: ^2.0.0
    htmlparser2: ^8.0.1
    selderee: ^0.10.0
  checksum: 4509edd5c03a9aae163a3362a05b26aa0f9e7deaaa856a5f64c6885d9d9d7235190efb905c6794e5a696bdd2536d6e19432953670e3243b1399048727c232134
  languageName: node
  linkType: hard

"htmlparser2@npm:^8.0.1":
  version: 8.0.2
  resolution: "htmlparser2@npm:8.0.2"
  dependencies:
    domelementtype: ^2.3.0
    domhandler: ^5.0.3
    domutils: ^3.0.1
    entities: ^4.4.0
  checksum: 29167a0f9282f181da8a6d0311b76820c8a59bc9e3c87009e21968264c2987d2723d6fde5a964d4b7b6cba663fca96ffb373c06d8223a85f52a6089ced942700
  languageName: node
  linkType: hard

"inflight@npm:^1.0.4":
  version: 1.0.6
  resolution: "inflight@npm:1.0.6"
  dependencies:
    once: ^1.3.0
    wrappy: 1
  checksum: f4f76aa072ce19fae87ce1ef7d221e709afb59d445e05d47fba710e85470923a75de35bfae47da6de1b18afc3ce83d70facf44cfb0aff89f0a3f45c0a0244dfd
  languageName: node
  linkType: hard

"inherits@npm:2":
  version: 2.0.4
  resolution: "inherits@npm:2.0.4"
  checksum: 4a48a733847879d6cf6691860a6b1e3f0f4754176e4d71494c41f3475553768b10f84b5ce1d40fbd0e34e6bfbb864ee35858ad4dd2cf31e02fc4a154b724d7f1
  languageName: node
  linkType: hard

"ini@npm:^1.3.4":
  version: 1.3.8
  resolution: "ini@npm:1.3.8"
  checksum: dfd98b0ca3a4fc1e323e38a6c8eb8936e31a97a918d3b377649ea15bdb15d481207a0dda1021efbd86b464cae29a0d33c1d7dcaf6c5672bee17fa849bc50a1b3
  languageName: node
  linkType: hard

"is-buffer@npm:^1.1.5":
  version: 1.1.6
  resolution: "is-buffer@npm:1.1.6"
  checksum: 4a186d995d8bbf9153b4bd9ff9fd04ae75068fe695d29025d25e592d9488911eeece84eefbd8fa41b8ddcc0711058a71d4c466dcf6f1f6e1d83830052d8ca707
  languageName: node
  linkType: hard

"is-extendable@npm:^0.1.0":
  version: 0.1.1
  resolution: "is-extendable@npm:0.1.1"
  checksum: 3875571d20a7563772ecc7a5f36cb03167e9be31ad259041b4a8f73f33f885441f778cee1f1fe0085eb4bc71679b9d8c923690003a36a6a5fdf8023e6e3f0672
  languageName: node
  linkType: hard

"is-whitespace@npm:^0.3.0":
  version: 0.3.0
  resolution: "is-whitespace@npm:0.3.0"
  checksum: dac8fc9a9b797afeef703f625269601715552883790d1385d6bb27dd04ffdafd5fddca8f2d85ee96913850211595da2ba483dac1f166829c4078fb58ce815140
  languageName: node
  linkType: hard

"js-beautify@npm:^1.6.12":
  version: 1.14.9
  resolution: "js-beautify@npm:1.14.9"
  dependencies:
    config-chain: ^1.1.13
    editorconfig: ^1.0.3
    glob: ^8.1.0
    nopt: ^6.0.0
  bin:
    css-beautify: js/bin/css-beautify.js
    html-beautify: js/bin/html-beautify.js
    js-beautify: js/bin/js-beautify.js
  checksum: aea5af03d0e8d5bcdfc9f98d6c6ebdc17076c762123ae79557d271a921438e2c0c422bc56a955119d770bb0f01cb411003534d8ae8dc138eb7af4821f21f8352
  languageName: node
  linkType: hard

"js-tokens@npm:^3.0.0 || ^4.0.0":
  version: 4.0.0
  resolution: "js-tokens@npm:4.0.0"
  checksum: 8a95213a5a77deb6cbe94d86340e8d9ace2b93bc367790b260101d2f36a2eaf4e4e22d9fa9cf459b38af3a32fb4190e638024cf82ec95ef708680e405ea7cc78
  languageName: node
  linkType: hard

"kind-of@npm:^3.0.2":
  version: 3.2.2
  resolution: "kind-of@npm:3.2.2"
  dependencies:
    is-buffer: ^1.1.5
  checksum: e898df8ca2f31038f27d24f0b8080da7be274f986bc6ed176f37c77c454d76627619e1681f6f9d2e8d2fd7557a18ecc419a6bb54e422abcbb8da8f1a75e4b386
  languageName: node
  linkType: hard

"leac@npm:^0.6.0":
  version: 0.6.0
  resolution: "leac@npm:0.6.0"
  checksum: a7a722cfc2ddfd6fb2620e5dee3ac8e9b0af4eb04325f3c8286a820de78becba3010a4d7026ff5189bb159eb7a851c3a1ac73e076eb0d54fcee0adaf695291ba
  languageName: node
  linkType: hard

"loose-envify@npm:^1.1.0":
  version: 1.4.0
  resolution: "loose-envify@npm:1.4.0"
  dependencies:
    js-tokens: ^3.0.0 || ^4.0.0
  bin:
    loose-envify: cli.js
  checksum: 6517e24e0cad87ec9888f500c5b5947032cdfe6ef65e1c1936a0c48a524b81e65542c9c3edc91c97d5bddc806ee2a985dbc79be89215d613b1de5db6d1cfe6f4
  languageName: node
  linkType: hard

"lru-cache@npm:^6.0.0":
  version: 6.0.0
  resolution: "lru-cache@npm:6.0.0"
  dependencies:
    yallist: ^4.0.0
  checksum: f97f499f898f23e4585742138a22f22526254fdba6d75d41a1c2526b3b6cc5747ef59c5612ba7375f42aca4f8461950e925ba08c991ead0651b4918b7c978297
  languageName: node
  linkType: hard

"minimatch@npm:9.0.1":
  version: 9.0.1
  resolution: "minimatch@npm:9.0.1"
  dependencies:
    brace-expansion: ^2.0.1
  checksum: 97f5f5284bb57dc65b9415dec7f17a0f6531a33572193991c60ff18450dcfad5c2dad24ffeaf60b5261dccd63aae58cc3306e2209d57e7f88c51295a532d8ec3
  languageName: node
  linkType: hard

"minimatch@npm:^5.0.1":
  version: 5.1.6
  resolution: "minimatch@npm:5.1.6"
  dependencies:
    brace-expansion: ^2.0.1
  checksum: 7564208ef81d7065a370f788d337cd80a689e981042cb9a1d0e6580b6c6a8c9279eba80010516e258835a988363f99f54a6f711a315089b8b42694f5da9d0d77
  languageName: node
  linkType: hard

"my-app@workspace:.":
  version: 0.0.0-use.local
  resolution: "my-app@workspace:."
  dependencies:
    "@types/node": 20.1.0
    "@types/react": 18.2.5
    "@types/react-dom": 18.2.4
    next: 13.4.1
    react: 18.2.0
    react-dom: 18.2.0
    resend: latest
    typescript: 5.0.4
  languageName: unknown
  linkType: soft

"nanoid@npm:^3.3.4":
  version: 3.3.6
  resolution: "nanoid@npm:3.3.6"
  bin:
    nanoid: bin/nanoid.cjs
  checksum: 7d0eda657002738aa5206107bd0580aead6c95c460ef1bdd0b1a87a9c7ae6277ac2e9b945306aaa5b32c6dcb7feaf462d0f552e7f8b5718abfc6ead5c94a71b3
  languageName: node
  linkType: hard

"next@npm:13.4.1":
  version: 13.4.1
  resolution: "next@npm:13.4.1"
  dependencies:
    "@next/env": 13.4.1
    "@next/swc-darwin-arm64": 13.4.1
    "@next/swc-darwin-x64": 13.4.1
    "@next/swc-linux-arm64-gnu": 13.4.1
    "@next/swc-linux-arm64-musl": 13.4.1
    "@next/swc-linux-x64-gnu": 13.4.1
    "@next/swc-linux-x64-musl": 13.4.1
    "@next/swc-win32-arm64-msvc": 13.4.1
    "@next/swc-win32-ia32-msvc": 13.4.1
    "@next/swc-win32-x64-msvc": 13.4.1
    "@swc/helpers": 0.5.1
    busboy: 1.6.0
    caniuse-lite: ^1.0.30001406
    postcss: 8.4.14
    styled-jsx: 5.1.1
    zod: 3.21.4
  peerDependencies:
    "@opentelemetry/api": ^1.1.0
    fibers: ">= 3.1.0"
    node-sass: ^6.0.0 || ^7.0.0
    react: ^18.2.0
    react-dom: ^18.2.0
    sass: ^1.3.0
  dependenciesMeta:
    "@next/swc-darwin-arm64":
      optional: true
    "@next/swc-darwin-x64":
      optional: true
    "@next/swc-linux-arm64-gnu":
      optional: true
    "@next/swc-linux-arm64-musl":
      optional: true
    "@next/swc-linux-x64-gnu":
      optional: true
    "@next/swc-linux-x64-musl":
      optional: true
    "@next/swc-win32-arm64-msvc":
      optional: true
    "@next/swc-win32-ia32-msvc":
      optional: true
    "@next/swc-win32-x64-msvc":
      optional: true
  peerDependenciesMeta:
    "@opentelemetry/api":
      optional: true
    fibers:
      optional: true
    node-sass:
      optional: true
    sass:
      optional: true
  bin:
    next: dist/bin/next
  checksum: 169e3fbbf713fad791a9b016c83d396bce628bb0ddf716c5fe50104a21cbc37af7df1586cbe05ae4ae6a090f4e1107211189cfbeeeab8345fe54e11cfefce87f
  languageName: node
  linkType: hard

"nopt@npm:^6.0.0":
  version: 6.0.0
  resolution: "nopt@npm:6.0.0"
  dependencies:
    abbrev: ^1.0.0
  bin:
    nopt: bin/nopt.js
  checksum: 82149371f8be0c4b9ec2f863cc6509a7fd0fa729929c009f3a58e4eb0c9e4cae9920e8f1f8eb46e7d032fec8fb01bede7f0f41a67eb3553b7b8e14fa53de1dac
  languageName: node
  linkType: hard

"once@npm:^1.3.0":
  version: 1.4.0
  resolution: "once@npm:1.4.0"
  dependencies:
    wrappy: 1
  checksum: cd0a88501333edd640d95f0d2700fbde6bff20b3d4d9bdc521bdd31af0656b5706570d6c6afe532045a20bb8dc0849f8332d6f2a416e0ba6d3d3b98806c7db68
  languageName: node
  linkType: hard

"parseley@npm:^0.11.0":
  version: 0.11.0
  resolution: "parseley@npm:0.11.0"
  dependencies:
    leac: ^0.6.0
    peberminta: ^0.8.0
  checksum: cbd4762bf72c2456ddd722a8f3d757dfc6c178aa0819fc26be5549fcebf258fdee5f3acd210481054735e0ecb6fee47ba542b1f17560f941b9401fdd6ddf2e8c
  languageName: node
  linkType: hard

"peberminta@npm:^0.8.0":
  version: 0.8.0
  resolution: "peberminta@npm:0.8.0"
  checksum: 77d8c02b708c23c8b3893c42e33c29f8c485caa77b691ca5c1cc41fc8706e833d669e54a90c7cd7a18a01151b902ad13b0047d0290bc6cc51b5825c40692bdd5
  languageName: node
  linkType: hard

"picocolors@npm:^1.0.0":
  version: 1.0.0
  resolution: "picocolors@npm:1.0.0"
  checksum: a2e8092dd86c8396bdba9f2b5481032848525b3dc295ce9b57896f931e63fc16f79805144321f72976383fc249584672a75cc18d6777c6b757603f372f745981
  languageName: node
  linkType: hard

"postcss@npm:8.4.14":
  version: 8.4.14
  resolution: "postcss@npm:8.4.14"
  dependencies:
    nanoid: ^3.3.4
    picocolors: ^1.0.0
    source-map-js: ^1.0.2
  checksum: fe58766ff32e4becf65a7d57678995cfd239df6deed2fe0557f038b47c94e4132e7e5f68b5aa820c13adfec32e523b693efaeb65798efb995ce49ccd83953816
  languageName: node
  linkType: hard

"pretty@npm:2.0.0":
  version: 2.0.0
  resolution: "pretty@npm:2.0.0"
  dependencies:
    condense-newlines: ^0.2.1
    extend-shallow: ^2.0.1
    js-beautify: ^1.6.12
  checksum: 9c41ae0559195af2fb2496d84c6f442843e045d269d4008a6dd336f8372d7481395ed5ab23e5711b6172682c27cb0542e1ab3ca11b38da48f1109c0b701d0ef9
  languageName: node
  linkType: hard

"proto-list@npm:~1.2.1":
  version: 1.2.4
  resolution: "proto-list@npm:1.2.4"
  checksum: 4d4826e1713cbfa0f15124ab0ae494c91b597a3c458670c9714c36e8baddf5a6aad22842776f2f5b137f259c8533e741771445eb8df82e861eea37a6eaba03f7
  languageName: node
  linkType: hard

"react-dom@npm:18.2.0":
  version: 18.2.0
  resolution: "react-dom@npm:18.2.0"
  dependencies:
    loose-envify: ^1.1.0
    scheduler: ^0.23.0
  peerDependencies:
    react: ^18.2.0
  checksum: 7d323310bea3a91be2965f9468d552f201b1c27891e45ddc2d6b8f717680c95a75ae0bc1e3f5cf41472446a2589a75aed4483aee8169287909fcd59ad149e8cc
  languageName: node
  linkType: hard

"react@npm:18.2.0":
  version: 18.2.0
  resolution: "react@npm:18.2.0"
  dependencies:
    loose-envify: ^1.1.0
  checksum: 88e38092da8839b830cda6feef2e8505dec8ace60579e46aa5490fc3dc9bba0bd50336507dc166f43e3afc1c42939c09fe33b25fae889d6f402721dcd78fca1b
  languageName: node
  linkType: hard

"resend@npm:latest":
  version: 1.1.0
  resolution: "resend@npm:1.1.0"
  dependencies:
    "@react-email/render": 0.0.7
    type-fest: 3.13.0
  checksum: 75a7012488170861da36b859014ac58d28c381be1f6fcad859bba53b17f7be797d5d33803805e92f2b0206bf91c91eb6fec6a86ddabd5719df0ea7c7205e1153
  languageName: node
  linkType: hard

"scheduler@npm:^0.23.0":
  version: 0.23.0
  resolution: "scheduler@npm:0.23.0"
  dependencies:
    loose-envify: ^1.1.0
  checksum: d79192eeaa12abef860c195ea45d37cbf2bbf5f66e3c4dcd16f54a7da53b17788a70d109ee3d3dde1a0fd50e6a8fc171f4300356c5aee4fc0171de526bf35f8a
  languageName: node
  linkType: hard

"selderee@npm:^0.10.0":
  version: 0.10.0
  resolution: "selderee@npm:0.10.0"
  dependencies:
    parseley: ^0.11.0
  checksum: 8ecd535fe8a0359f729d4ba48c3a45121a6f5570fec3138774648084ebce63174717dfb028400490e5e7fda0c46a322a53ec656af69f4a17f34ece85685eb80f
  languageName: node
  linkType: hard

"semver@npm:^7.5.3":
  version: 7.5.4
  resolution: "semver@npm:7.5.4"
  dependencies:
    lru-cache: ^6.0.0
  bin:
    semver: bin/semver.js
  checksum: 12d8ad952fa353b0995bf180cdac205a4068b759a140e5d3c608317098b3575ac2f1e09182206bf2eb26120e1c0ed8fb92c48c592f6099680de56bb071423ca3
  languageName: node
  linkType: hard

"source-map-js@npm:^1.0.2":
  version: 1.0.2
  resolution: "source-map-js@npm:1.0.2"
  checksum: c049a7fc4deb9a7e9b481ae3d424cc793cb4845daa690bc5a05d428bf41bf231ced49b4cf0c9e77f9d42fdb3d20d6187619fc586605f5eabe995a316da8d377c
  languageName: node
  linkType: hard

"streamsearch@npm:^1.1.0":
  version: 1.1.0
  resolution: "streamsearch@npm:1.1.0"
  checksum: 1cce16cea8405d7a233d32ca5e00a00169cc0e19fbc02aa839959985f267335d435c07f96e5e0edd0eadc6d39c98d5435fb5bbbdefc62c41834eadc5622ad942
  languageName: node
  linkType: hard

"styled-jsx@npm:5.1.1":
  version: 5.1.1
  resolution: "styled-jsx@npm:5.1.1"
  dependencies:
    client-only: 0.0.1
  peerDependencies:
    react: ">= 16.8.0 || 17.x.x || ^18.0.0-0"
  peerDependenciesMeta:
    "@babel/core":
      optional: true
    babel-plugin-macros:
      optional: true
  checksum: 523a33b38603492547e861b98e29c873939b04e15fbe5ef16132c6f1e15958126647983c7d4675325038b428a5e91183d996e90141b18bdd1bbadf6e2c45b2fa
  languageName: node
  linkType: hard

"tslib@npm:^2.4.0":
  version: 2.6.1
  resolution: "tslib@npm:2.6.1"
  checksum: b0d176d176487905b66ae4d5856647df50e37beea7571c53b8d10ba9222c074b81f1410fb91da13debaf2cbc970663609068bdebafa844ea9d69b146527c38fe
  languageName: node
  linkType: hard

"type-fest@npm:3.13.0":
  version: 3.13.0
  resolution: "type-fest@npm:3.13.0"
  checksum: f7be142ae1ad0582eafd52d085350799c8cd918c15455896a06c82c147b61f8cea58892bedf1348943478e37740562219375b3b59fd855db99cd2b2766510f98
  languageName: node
  linkType: hard

"typescript@npm:5.0.4":
  version: 5.0.4
  resolution: "typescript@npm:5.0.4"
  bin:
    tsc: bin/tsc
    tsserver: bin/tsserver
  checksum: 82b94da3f4604a8946da585f7d6c3025fff8410779e5bde2855ab130d05e4fd08938b9e593b6ebed165bda6ad9292b230984f10952cf82f0a0ca07bbeaa08172
  languageName: node
  linkType: hard

"typescript@patch:typescript@5.0.4#~builtin<compat/typescript>":
  version: 5.0.4
  resolution: "typescript@patch:typescript@npm%3A5.0.4#~builtin<compat/typescript>::version=5.0.4&hash=b5f058"
  bin:
    tsc: bin/tsc
    tsserver: bin/tsserver
  checksum: d26b6ba97b6d163c55dbdffd9bbb4c211667ebebc743accfeb2c8c0154aace7afd097b51165a72a5bad2cf65a4612259344ff60f8e642362aa1695c760d303ac
  languageName: node
  linkType: hard

"wrappy@npm:1":
  version: 1.0.2
  resolution: "wrappy@npm:1.0.2"
  checksum: 159da4805f7e84a3d003d8841557196034155008f817172d4e986bd591f74aa82aa7db55929a54222309e01079a65a92a9e6414da5a6aa4b01ee44a511ac3ee5
  languageName: node
  linkType: hard

"yallist@npm:^4.0.0":
  version: 4.0.0
  resolution: "yallist@npm:4.0.0"
  checksum: 343617202af32df2a15a3be36a5a8c0c8545208f3d3dfbc6bb7c3e3b7e8c6f8e7485432e4f3b88da3031a6e20afa7c711eded32ddfb122896ac5d914e75848d5
  languageName: node
  linkType: hard

"zod@npm:3.21.4":
  version: 3.21.4
  resolution: "zod@npm:3.21.4"
  checksum: f185ba87342ff16f7a06686767c2b2a7af41110c7edf7c1974095d8db7a73792696bcb4a00853de0d2edeb34a5b2ea6a55871bc864227dace682a0a28de33e1f
  languageName: node
  linkType: hard
